dependencies:
- name: mongodb
  repository: https://charts.bitnami.com/bitnami
  version: 15.1.0
- name: external-secrets-provider
  repository: https://lucasmellos.github.io/helm-charts
  version: 1.3.2
digest: sha256:f2a94f2889ad29b9b46076d5bd33c185235510d63a97e0751d5fc19a10e393bc
generated: "2024-03-21T12:28:20.918313501Z"
